
Microsoft Visual Studio Solution File, Format Version 12.00
# Visual Studio Version 17
VisualStudioVersion = 17.11.35312.102
MinimumVisualStudioVersion = 10.0.40219.1
Project("{FAE04EC0-301F-11D3-BF4B-00C04F79EFBC}") = "ASLSSO", "ASLSSO\ASLSSO.csproj", "{17254B50-364A-4B69-9AD6-56919E67C4BE}"
EndProject
Global
	GlobalSection(SolutionConfigurationPlatforms) = preSolution
		Debug|Any CPU = Debug|Any CPU
		Release|Any CPU = Release|Any CPU
	EndGlobalSection
	GlobalSection(ProjectConfigurationPlatforms) = postSolution
		{17254B50-364A-4B69-9AD6-56919E67C4BE}.Debug|Any CPU.ActiveCfg = Debug|Any CPU
		{17254B50-364A-4B69-9AD6-56919E67C4BE}.Debug|Any CPU.Build.0 = Debug|Any CPU
		{17254B50-364A-4B69-9AD6-56919E67C4BE}.Release|Any CPU.ActiveCfg = Release|Any CPU
		{17254B50-364A-4B69-9AD6-56919E67C4BE}.Release|Any CPU.Build.0 = Release|Any CPU
	EndGlobalSection
	GlobalSection(SolutionProperties) = preSolution
		HideSolutionNode = FALSE
	EndGlobalSection
	GlobalSection(ExtensibilityGlobals) = postSolution
		SolutionGuid = {27D63B7F-A902-4EC2-8A26-D83CA51FA884}
	EndGlobalSection
EndGlobal
